
Microsoft Visual Studio Solution File, Format Version 12.00
# Visual Studio 2013
VisualStudioVersion = 12.0.30110.0
MinimumVisualStudioVersion = 10.0.40219.1
Project("{FAE04EC0-301F-11D3-BF4B-00C04F79EFBC}") = "Ecommerce.ApiClients", "Ecommerce.ApiClients\Ecommerce.ApiClients.csproj", "{2D3D13C6-5C8A-4B20-AA2D-EDC2D1D02B73}"
EndProject
Project("{2150E333-8FDC-42A3-9474-1A3956D46DE8}") = "Tests", "Tests", "{FBFD994E-25A0-4B08-A2FE-D1BD563B953F}"
EndProject
Project("{2150E333-8FDC-42A3-9474-1A3956D46DE8}") = "Unit", "Unit", "{54459AA9-9E5B-448F-B774-AB0CCAE19C92}"
EndProject
Project("{FAE04EC0-301F-11D3-BF4B-00C04F79EFBC}") = "Ecommerce.ApiClients.UnitTests", "Ecommerce.ApiClients.UnitTests\Ecommerce.ApiClients.UnitTests.csproj", "{C93DF6D5-793F-4AB3-B6F4-84ABDDEEF7BF}"
EndProject
Global
	GlobalSection(SolutionConfigurationPlatforms) = preSolution
		Debug|Any CPU = Debug|Any CPU
		Release|Any CPU = Release|Any CPU
	EndGlobalSection
	GlobalSection(ProjectConfigurationPlatforms) = postSolution
		{2D3D13C6-5C8A-4B20-AA2D-EDC2D1D02B73}.Debug|Any CPU.ActiveCfg = Debug|Any CPU
		{2D3D13C6-5C8A-4B20-AA2D-EDC2D1D02B73}.Debug|Any CPU.Build.0 = Debug|Any CPU
		{2D3D13C6-5C8A-4B20-AA2D-EDC2D1D02B73}.Release|Any CPU.ActiveCfg = Release|Any CPU
		{2D3D13C6-5C8A-4B20-AA2D-EDC2D1D02B73}.Release|Any CPU.Build.0 = Release|Any CPU
		{C93DF6D5-793F-4AB3-B6F4-84ABDDEEF7BF}.Debug|Any CPU.ActiveCfg = Debug|Any CPU
		{C93DF6D5-793F-4AB3-B6F4-84ABDDEEF7BF}.Debug|Any CPU.Build.0 = Debug|Any CPU
		{C93DF6D5-793F-4AB3-B6F4-84ABDDEEF7BF}.Release|Any CPU.ActiveCfg = Release|Any CPU
		{C93DF6D5-793F-4AB3-B6F4-84ABDDEEF7BF}.Release|Any CPU.Build.0 = Release|Any CPU
	EndGlobalSection
	GlobalSection(SolutionProperties) = preSolution
		HideSolutionNode = FALSE
	EndGlobalSection
	GlobalSection(NestedProjects) = preSolution
		{54459AA9-9E5B-448F-B774-AB0CCAE19C92} = {FBFD994E-25A0-4B08-A2FE-D1BD563B953F}
		{C93DF6D5-793F-4AB3-B6F4-84ABDDEEF7BF} = {54459AA9-9E5B-448F-B774-AB0CCAE19C92}
	EndGlobalSection
EndGlobal
